
Microsoft Visual Studio Solution File, Format Version 12.00
# Visual Studio Version 16
VisualStudioVersion = 16.0.31702.278
MinimumVisualStudioVersion = 10.0.40219.1
Project("{888888A0-9F3D-457C-B088-3A5042F75D52}") = "DjangoScoreKeeperApp", "DjangoScoreKeeperApp.pyproj", "{12F6A113-6BD5-4721-AA85-33491BCFCCA2}"
EndProject
Global
	GlobalSection(SolutionConfigurationPlatforms) = preSolution
		Debug|Any CPU = Debug|Any CPU
		Release|Any CPU = Release|Any CPU
	EndGlobalSection
	GlobalSection(ProjectConfigurationPlatforms) = postSolution
		{12F6A113-6BD5-4721-AA85-33491BCFCCA2}.Debug|Any CPU.ActiveCfg = Debug|Any CPU
		{12F6A113-6BD5-4721-AA85-33491BCFCCA2}.Debug|Any CPU.Build.0 = Debug|Any CPU
		{12F6A113-6BD5-4721-AA85-33491BCFCCA2}.Release|Any CPU.ActiveCfg = Release|Any CPU
		{12F6A113-6BD5-4721-AA85-33491BCFCCA2}.Release|Any CPU.Build.0 = Release|Any CPU
	EndGlobalSection
	GlobalSection(SolutionProperties) = preSolution
		HideSolutionNode = FALSE
	EndGlobalSection
	GlobalSection(ExtensibilityGlobals) = postSolution
		SolutionGuid = {5DF52C79-7F5D-4216-981C-0B4F382E8221}
	EndGlobalSection
EndGlobal
